
Microsoft Visual Studio Solution File, Format Version 12.00
# Visual Studio 2013
VisualStudioVersion = 12.0.31101.0
MinimumVisualStudioVersion = 10.0.40219.1
Project("{FAE04EC0-301F-11D3-BF4B-00C04F79EFBC}") = "Chapter6.CSharp", "Chapter6.CSharp\Chapter6.CSharp.csproj", "{A4F44A87-3B51-4D3E-A8DD-84C0CB1AA0C0}"
EndProject
Project("{F184B08F-C81C-45F6-A57F-5ABD9991F28F}") = "Chapter6.VB", "Chapter6.VB\Chapter6.VB.vbproj", "{9C2608EB-6723-40C3-AE33-4B3882C2A538}"
EndProject
Project("{2150E333-8FDC-42A3-9474-1A3956D46DE8}") = "Solution Items", "Solution Items", "{9E2FDA34-B8BD-4EF7-8034-392B6E19A0D5}"
	ProjectSection(SolutionItems) = preProject
		DatabaseAdditionalObjects.sql = DatabaseAdditionalObjects.sql
	EndProjectSection
EndProject
Global
	GlobalSection(SolutionConfigurationPlatforms) = preSolution
		Debug|Any CPU = Debug|Any CPU
		Release|Any CPU = Release|Any CPU
	EndGlobalSection
	GlobalSection(ProjectConfigurationPlatforms) = postSolution
		{A4F44A87-3B51-4D3E-A8DD-84C0CB1AA0C0}.Debug|Any CPU.ActiveCfg = Debug|Any CPU
		{A4F44A87-3B51-4D3E-A8DD-84C0CB1AA0C0}.Debug|Any CPU.Build.0 = Debug|Any CPU
		{A4F44A87-3B51-4D3E-A8DD-84C0CB1AA0C0}.Release|Any CPU.ActiveCfg = Release|Any CPU
		{A4F44A87-3B51-4D3E-A8DD-84C0CB1AA0C0}.Release|Any CPU.Build.0 = Release|Any CPU
		{9C2608EB-6723-40C3-AE33-4B3882C2A538}.Debug|Any CPU.ActiveCfg = Debug|Any CPU
		{9C2608EB-6723-40C3-AE33-4B3882C2A538}.Debug|Any CPU.Build.0 = Debug|Any CPU
		{9C2608EB-6723-40C3-AE33-4B3882C2A538}.Release|Any CPU.ActiveCfg = Release|Any CPU
		{9C2608EB-6723-40C3-AE33-4B3882C2A538}.Release|Any CPU.Build.0 = Release|Any CPU
	EndGlobalSection
	GlobalSection(SolutionProperties) = preSolution
		HideSolutionNode = FALSE
	EndGlobalSection
EndGlobal
