
Microsoft Visual Studio Solution File, Format Version 12.00
# Visual Studio 2013
VisualStudioVersion = 12.0.30723.0
MinimumVisualStudioVersion = 10.0.40219.1
Project("{FAE04EC0-301F-11D3-BF4B-00C04F79EFBC}") = "Chapter4.CSharp", "Chapter4.CSharp\Chapter4.CSharp.csproj", "{3EC91E05-D1B6-4837-ADEC-DABD34CB2562}"
EndProject
Project("{F184B08F-C81C-45F6-A57F-5ABD9991F28F}") = "Chapter4.VB", "Chapter4.VB\Chapter4.VB.vbproj", "{BE34093A-3BCA-43E4-BD1D-2336396EA827}"
EndProject
Global
	GlobalSection(SolutionConfigurationPlatforms) = preSolution
		Debug|Any CPU = Debug|Any CPU
		Release|Any CPU = Release|Any CPU
	EndGlobalSection
	GlobalSection(ProjectConfigurationPlatforms) = postSolution
		{3EC91E05-D1B6-4837-ADEC-DABD34CB2562}.Debug|Any CPU.ActiveCfg = Debug|Any CPU
		{3EC91E05-D1B6-4837-ADEC-DABD34CB2562}.Debug|Any CPU.Build.0 = Debug|Any CPU
		{3EC91E05-D1B6-4837-ADEC-DABD34CB2562}.Release|Any CPU.ActiveCfg = Release|Any CPU
		{3EC91E05-D1B6-4837-ADEC-DABD34CB2562}.Release|Any CPU.Build.0 = Release|Any CPU
		{BE34093A-3BCA-43E4-BD1D-2336396EA827}.Debug|Any CPU.ActiveCfg = Debug|Any CPU
		{BE34093A-3BCA-43E4-BD1D-2336396EA827}.Debug|Any CPU.Build.0 = Debug|Any CPU
		{BE34093A-3BCA-43E4-BD1D-2336396EA827}.Release|Any CPU.ActiveCfg = Release|Any CPU
		{BE34093A-3BCA-43E4-BD1D-2336396EA827}.Release|Any CPU.Build.0 = Release|Any CPU
	EndGlobalSection
	GlobalSection(SolutionProperties) = preSolution
		HideSolutionNode = FALSE
	EndGlobalSection
EndGlobal
